// !$*UTF8*$!
{
	archiveVersion = 1;
	classes = {
	};
	objectVersion = 55;
	objects = {

/* Begin PBXBuildFile section */
		5461D68629B763D2006013BE /* AppDelegate.swift in Sources */ = {isa = PBXBuildFile; fileRef = 5461D68529B763D2006013BE /* AppDelegate.swift */; };
		5461D68A29B763D2006013BE /* ItemListVC.swift in Sources */ = {isa = PBXBuildFile; fileRef = 5461D68929B763D2006013BE /* ItemListVC.swift */; };
		5461D68D29B763D2006013BE /* Main.storyboard in Resources */ = {isa = PBXBuildFile; fileRef = 5461D68B29B763D2006013BE /* Main.storyboard */; };
		5461D68F29B763D5006013BE /* Assets.xcassets in Resources */ = {isa = PBXBuildFile; fileRef = 5461D68E29B763D5006013BE /* Assets.xcassets */; };
		5461D69229B763D5006013BE /* LaunchScreen.storyboard in Resources */ = {isa = PBXBuildFile; fileRef = 5461D69029B763D5006013BE /* LaunchScreen.storyboard */; };
		5461D69A29B76A9C006013BE /* ItemCell.swift in Sources */ = {isa = PBXBuildFile; fileRef = 5461D69929B76A9C006013BE /* ItemCell.swift */; };
		5461D69C29B7722F006013BE /* AddItemVC.swift in Sources */ = {isa = PBXBuildFile; fileRef = 5461D69B29B7722F006013BE /* AddItemVC.swift */; };
		5461D69F29B77293006013BE /* AppCoordinator.swift in Sources */ = {isa = PBXBuildFile; fileRef = 5461D69E29B77293006013BE /* AppCoordinator.swift */; };
		5461D6A129B772B5006013BE /* Item.swift in Sources */ = {isa = PBXBuildFile; fileRef = 5461D6A029B772B5006013BE /* Item.swift */; };
		5461D6A329B773F5006013BE /* StoryboardDesignable.swift in Sources */ = {isa = PBXBuildFile; fileRef = 5461D6A229B773F5006013BE /* StoryboardDesignable.swift */; };
		FE7DA01629B77F4C00948C4D /* demo.swift in Sources */ = {isa = PBXBuildFile; fileRef = FE7DA01529B77F4C00948C4D /* demo.swift */; };
/* End PBXBuildFile section */

/* Begin PBXFileReference section */
		5461D68229B763D2006013BE /* CoordinatorPattern.app */ = {isa = PBXFileReference; explicitFileType = wrapper.application; includeInIndex = 0; path = CoordinatorPattern.app; sourceTree = BUILT_PRODUCTS_DIR; };
		5461D68529B763D2006013BE /* AppDelegate.swift */ = {isa = PBXFileReference; lastKnownFileType = sourcecode.swift; path = AppDelegate.swift; sourceTree = "<group>"; };
		5461D68929B763D2006013BE /* ItemListVC.swift */ = {isa = PBXFileReference; lastKnownFileType = sourcecode.swift; path = ItemListVC.swift; sourceTree = "<group>"; };
		5461D68C29B763D2006013BE /* Base */ = {isa = PBXFileReference; lastKnownFileType = file.storyboard; name = Base; path = Base.lproj/Main.storyboard; sourceTree = "<group>"; };
		5461D68E29B763D5006013BE /* Assets.xcassets */ = {isa = PBXFileReference; lastKnownFileType = folder.assetcatalog; path = Assets.xcassets; sourceTree = "<group>"; };
		5461D69129B763D5006013BE /* Base */ = {isa = PBXFileReference; lastKnownFileType = file.storyboard; name = Base; path = Base.lproj/LaunchScreen.storyboard; sourceTree = "<group>"; };
		5461D69329B763D5006013BE /* Info.plist */ = {isa = PBXFileReference; lastKnownFileType = text.plist.xml; path = Info.plist; sourceTree = "<group>"; };
		5461D69929B76A9C006013BE /* ItemCell.swift */ = {isa = PBXFileReference; lastKnownFileType = sourcecode.swift; path = ItemCell.swift; sourceTree = "<group>"; };
		5461D69B29B7722F006013BE /* AddItemVC.swift */ = {isa = PBXFileReference; lastKnownFileType = sourcecode.swift; path = AddItemVC.swift; sourceTree = "<group>"; };
		5461D69E29B77293006013BE /* AppCoordinator.swift */ = {isa = PBXFileReference; lastKnownFileType = sourcecode.swift; path = AppCoordinator.swift; sourceTree = "<group>"; };
		5461D6A029B772B5006013BE /* Item.swift */ = {isa = PBXFileReference; lastKnownFileType = sourcecode.swift; path = Item.swift; sourceTree = "<group>"; };
		5461D6A229B773F5006013BE /* StoryboardDesignable.swift */ = {isa = PBXFileReference; fileEncoding = 4; lastKnownFileType = sourcecode.swift; path = StoryboardDesignable.swift; sourceTree = "<group>"; };
		FE7DA01529B77F4C00948C4D /* demo.swift */ = {isa = PBXFileReference; lastKnownFileType = sourcecode.swift; path = demo.swift; sourceTree = "<group>"; };
/* End PBXFileReference section */

/* Begin PBXFrameworksBuildPhase section */
		5461D67F29B763D2006013BE /* Frameworks */ = {
			isa = PBXFrameworksBuildPhase;
			buildActionMask = 2147483647;
			files = (
			);
			runOnlyForDeploymentPostprocessing = 0;
		};
/* End PBXFrameworksBuildPhase section */

/* Begin PBXGroup section */
		5461D67929B763D2006013BE = {
			isa = PBXGroup;
			children = (
				5461D68429B763D2006013BE /* CoordinatorPattern */,
				5461D68329B763D2006013BE /* Products */,
			);
			sourceTree = "<group>";
		};
		5461D68329B763D2006013BE /* Products */ = {
			isa = PBXGroup;
			children = (
				5461D68229B763D2006013BE /* CoordinatorPattern.app */,
			);
			name = Products;
			sourceTree = "<group>";
		};
		5461D68429B763D2006013BE /* CoordinatorPattern */ = {
			isa = PBXGroup;
			children = (
				5461D6A229B773F5006013BE /* StoryboardDesignable.swift */,
				5461D68529B763D2006013BE /* AppDelegate.swift */,
				5461D69D29B77261006013BE /* AppVC */,
				5461D68B29B763D2006013BE /* Main.storyboard */,
				5461D68E29B763D5006013BE /* Assets.xcassets */,
				5461D69029B763D5006013BE /* LaunchScreen.storyboard */,
				5461D69329B763D5006013BE /* Info.plist */,
				5461D69929B76A9C006013BE /* ItemCell.swift */,
				5461D69E29B77293006013BE /* AppCoordinator.swift */,
				5461D6A029B772B5006013BE /* Item.swift */,
				FE7DA01529B77F4C00948C4D /* demo.swift */,
			);
			path = CoordinatorPattern;
			sourceTree = "<group>";
		};
		5461D69D29B77261006013BE /* AppVC */ = {
			isa = PBXGroup;
			children = (
				5461D68929B763D2006013BE /* ItemListVC.swift */,
				5461D69B29B7722F006013BE /* AddItemVC.swift */,
			);
			path = AppVC;
			sourceTree = "<group>";
		};
/* End PBXGroup section */

/* Begin PBXNativeTarget section */
		5461D68129B763D2006013BE /* CoordinatorPattern */ = {
			isa = PBXNativeTarget;
			buildConfigurationList = 5461D69629B763D5006013BE /* Build configuration list for PBXNativeTarget "CoordinatorPattern" */;
			buildPhases = (
				5461D67E29B763D2006013BE /* Sources */,
				5461D67F29B763D2006013BE /* Frameworks */,
				5461D68029B763D2006013BE /* Resources */,
			);
			buildRules = (
			);
			dependencies = (
			);
			name = CoordinatorPattern;
			productName = CoordinatorPattern;
			productReference = 5461D68229B763D2006013BE /* CoordinatorPattern.app */;
			productType = "com.apple.product-type.application";
		};
/* End PBXNativeTarget section */

/* Begin PBXProject section */
		5461D67A29B763D2006013BE /* Project object */ = {
			isa = PBXProject;
			attributes = {
				BuildIndependentTargetsInParallel = 1;
				LastSwiftUpdateCheck = 1420;
				LastUpgradeCheck = 1420;
				ORGANIZATIONNAME = Anand;
				TargetAttributes = {
					5461D68129B763D2006013BE = {
						CreatedOnToolsVersion = 14.2;
					};
				};
			};
			buildConfigurationList = 5461D67D29B763D2006013BE /* Build configuration list for PBXProject "CoordinatorPattern" */;
			compatibilityVersion = "Xcode 13.0";
			developmentRegion = en;
			hasScannedForEncodings = 0;
			knownRegions = (
				en,
				Base,
			);
			mainGroup = 5461D67929B763D2006013BE;
			productRefGroup = 5461D68329B763D2006013BE /* Products */;
			projectDirPath = "";
			projectRoot = "";
			targets = (
				5461D68129B763D2006013BE /* CoordinatorPattern */,
			);
		};
/* End PBXProject section */

/* Begin PBXResourcesBuildPhase section */
		5461D68029B763D2006013BE /* Resources */ = {
			isa = PBXResourcesBuildPhase;
			buildActionMask = 2147483647;
			files = (
				5461D69229B763D5006013BE /* LaunchScreen.storyboard in Resources */,
				5461D68F29B763D5006013BE /* Assets.xcassets in Resources */,
				5461D68D29B763D2006013BE /* Main.storyboard in Resources */,
			);
			runOnlyForDeploymentPostprocessing = 0;
		};
/* End PBXResourcesBuildPhase section */

/* Begin PBXSourcesBuildPhase section */
		5461D67E29B763D2006013BE /* Sources */ = {
			isa = PBXSourcesBuildPhase;
			buildActionMask = 2147483647;
			files = (
				5461D68A29B763D2006013BE /* ItemListVC.swift in Sources */,
				5461D68629B763D2006013BE /* AppDelegate.swift in Sources */,
				FE7DA01629B77F4C00948C4D /* demo.swift in Sources */,
				5461D69F29B77293006013BE /* AppCoordinator.swift in Sources */,
				5461D6A329B773F5006013BE /* StoryboardDesignable.swift in Sources */,
				5461D69A29B76A9C006013BE /* ItemCell.swift in Sources */,
				5461D6A129B772B5006013BE /* Item.swift in Sources */,
				5461D69C29B7722F006013BE /* AddItemVC.swift in Sources */,
			);
			runOnlyForDeploymentPostprocessing = 0;
		};
/* End PBXSourcesBuildPhase section */

/* Begin PBXVariantGroup section */
		5461D68B29B763D2006013BE /* Main.storyboard */ = {
			isa = PBXVariantGroup;
			children = (
				5461D68C29B763D2006013BE /* Base */,
			);
			name = Main.storyboard;
			sourceTree = "<group>";
		};
		5461D69029B763D5006013BE /* LaunchScreen.storyboard */ = {
			isa = PBXVariantGroup;
			children = (
				5461D69129B763D5006013BE /* Base */,
			);
			name = LaunchScreen.storyboard;
			sourceTree = "<group>";
		};
/* End PBXVariantGroup section */

/* Begin XCBuildConfiguration section */
		5461D69429B763D5006013BE /* Debug */ = {
			isa = XCBuildConfiguration;
			buildSettings = {
				ALWAYS_SEARCH_USER_PATHS = NO;
				CLANG_ANALYZER_NONNULL = YES;
				CLANG_ANALYZER_NUMBER_OBJECT_CONVERSION = YES_AGGRESSIVE;
				CLANG_CXX_LANGUAGE_STANDARD = "gnu++20";
				CLANG_ENABLE_MODULES = YES;
				CLANG_ENABLE_OBJC_ARC = YES;
				CLANG_ENABLE_OBJC_WEAK = YES;
				CLANG_WARN_BLOCK_CAPTURE_AUTORELEASING = YES;
				CLANG_WARN_BOOL_CONVERSION = YES;
				CLANG_WARN_COMMA = YES;
				CLANG_WARN_CONSTANT_CONVERSION = YES;
				CLANG_WARN_DEPRECATED_OBJC_IMPLEMENTATIONS = YES;
				CLANG_WARN_DIRECT_OBJC_ISA_USAGE = YES_ERROR;
				CLANG_WARN_DOCUMENTATION_COMMENTS = YES;
				CLANG_WARN_EMPTY_BODY = YES;
				CLANG_WARN_ENUM_CONVERSION = YES;
				CLANG_WARN_INFINITE_RECURSION = YES;
				CLANG_WARN_INT_CONVERSION = YES;
				CLANG_WARN_NON_LITERAL_NULL_CONVERSION = YES;
				CLANG_WARN_OBJC_IMPLICIT_RETAIN_SELF = YES;
				CLANG_WARN_OBJC_LITERAL_CONVERSION = YES;
				CLANG_WARN_OBJC_ROOT_CLASS = YES_ERROR;
				CLANG_WARN_QUOTED_INCLUDE_IN_FRAMEWORK_HEADER = YES;
				CLANG_WARN_RANGE_LOOP_ANALYSIS = YES;
				CLANG_WARN_STRICT_PROTOTYPES = YES;
				CLANG_WARN_SUSPICIOUS_MOVE = YES;
				CLANG_WARN_UNGUARDED_AVAILABILITY = YES_AGGRESSIVE;
				CLANG_WARN_UNREACHABLE_CODE = YES;
				CLANG_WARN__DUPLICATE_METHOD_MATCH = YES;
				COPY_PHASE_STRIP = NO;
				DEBUG_INFORMATION_FORMAT = dwarf;
				ENABLE_STRICT_OBJC_MSGSEND = YES;
				ENABLE_TESTABILITY = YES;
				GCC_C_LANGUAGE_STANDARD = gnu11;
				GCC_DYNAMIC_NO_PIC = NO;
				GCC_NO_COMMON_BLOCKS = YES;
				GCC_OPTIMIZATION_LEVEL = 0;
				GCC_PREPROCESSOR_DEFINITIONS = (
					"DEBUG=1",
					"$(inherited)",
				);
				GCC_WARN_64_TO_32_BIT_CONVERSION = YES;
				GCC_WARN_ABOUT_RETURN_TYPE = YES_ERROR;
				GCC_WARN_UNDECLARED_SELECTOR = YES;
				GCC_WARN_UNINITIALIZED_AUTOS = YES_AGGRESSIVE;
				GCC_WARN_UNUSED_FUNCTION = YES;
				GCC_WARN_UNUSED_VARIABLE = YES;
				IPHONEOS_DEPLOYMENT_TARGET = 16.2;
				MTL_ENABLE_DEBUG_INFO = INCLUDE_SOURCE;
				MTL_FAST_MATH = YES;
				ONLY_ACTIVE_ARCH = YES;
				SDKROOT = iphoneos;
				SWIFT_ACTIVE_COMPILATION_CONDITIONS = DEBUG;
				SWIFT_OPTIMIZATION_LEVEL = "-Onone";
			};
			name = Debug;
		};
		5461D69529B763D5006013BE /* Release */ = {
			isa = XCBuildConfiguration;
			buildSettings = {
				ALWAYS_SEARCH_USER_PATHS = NO;
				CLANG_ANALYZER_NONNULL = YES;
				CLANG_ANALYZER_NUMBER_OBJECT_CONVERSION = YES_AGGRESSIVE;
				CLANG_CXX_LANGUAGE_STANDARD = "gnu++20";
				CLANG_ENABLE_MODULES = YES;
				CLANG_ENABLE_OBJC_ARC = YES;
				CLANG_ENABLE_OBJC_WEAK = YES;
				CLANG_WARN_BLOCK_CAPTURE_AUTORELEASING = YES;
				CLANG_WARN_BOOL_CONVERSION = YES;
				CLANG_WARN_COMMA = YES;
				CLANG_WARN_CONSTANT_CONVERSION = YES;
				CLANG_WARN_DEPRECATED_OBJC_IMPLEMENTATIONS = YES;
				CLANG_WARN_DIRECT_OBJC_ISA_USAGE = YES_ERROR;
				CLANG_WARN_DOCUMENTATION_COMMENTS = YES;
				CLANG_WARN_EMPTY_BODY = YES;
				CLANG_WARN_ENUM_CONVERSION = YES;
				CLANG_WARN_INFINITE_RECURSION = YES;
				CLANG_WARN_INT_CONVERSION = YES;
				CLANG_WARN_NON_LITERAL_NULL_CONVERSION = YES;
				CLANG_WARN_OBJC_IMPLICIT_RETAIN_SELF = YES;
				CLANG_WARN_OBJC_LITERAL_CONVERSION = YES;
				CLANG_WARN_OBJC_ROOT_CLASS = YES_ERROR;
				CLANG_WARN_QUOTED_INCLUDE_IN_FRAMEWORK_HEADER = YES;
				CLANG_WARN_RANGE_LOOP_ANALYSIS = YES;
				CLANG_WARN_STRICT_PROTOTYPES = YES;
				CLANG_WARN_SUSPICIOUS_MOVE = YES;
				CLANG_WARN_UNGUARDED_AVAILABILITY = YES_AGGRESSIVE;
				CLANG_WARN_UNREACHABLE_CODE = YES;
				CLANG_WARN__DUPLICATE_METHOD_MATCH = YES;
				COPY_PHASE_STRIP = NO;
				DEBUG_INFORMATION_FORMAT = "dwarf-with-dsym";
				ENABLE_NS_ASSERTIONS = NO;
				ENABLE_STRICT_OBJC_MSGSEND = YES;
				GCC_C_LANGUAGE_STANDARD = gnu11;
				GCC_NO_COMMON_BLOCKS = YES;
				GCC_WARN_64_TO_32_BIT_CONVERSION = YES;
				GCC_WARN_ABOUT_RETURN_TYPE = YES_ERROR;
				GCC_WARN_UNDECLARED_SELECTOR = YES;
				GCC_WARN_UNINITIALIZED_AUTOS = YES_AGGRESSIVE;
				GCC_WARN_UNUSED_FUNCTION = YES;
				GCC_WARN_UNUSED_VARIABLE = YES;
				IPHONEOS_DEPLOYMENT_TARGET = 16.2;
				MTL_ENABLE_DEBUG_INFO = NO;
				MTL_FAST_MATH = YES;
				SDKROOT = iphoneos;
				SWIFT_COMPILATION_MODE = wholemodule;
				SWIFT_OPTIMIZATION_LEVEL = "-O";
				VALIDATE_PRODUCT = YES;
			};
			name = Release;
		};
		5461D69729B763D5006013BE /* Debug */ = {
			isa = XCBuildConfiguration;
			buildSettings = {
				ASSETCATALOG_COMPILER_APPICON_NAME = AppIcon;
				ASSETCATALOG_COMPILER_GLOBAL_ACCENT_COLOR_NAME = AccentColor;
				CODE_SIGN_STYLE = Automatic;
				CURRENT_PROJECT_VERSION = 1;
				DEVELOPMENT_TEAM = 859H7TTM34;
				GENERATE_INFOPLIST_FILE = YES;
				INFOPLIST_FILE = CoordinatorPattern/Info.plist;
				INFOPLIST_KEY_UIApplicationSupportsIndirectInputEvents = YES;
				INFOPLIST_KEY_UILaunchStoryboardName = LaunchScreen;
				INFOPLIST_KEY_UIMainStoryboardFile = Main;
				INFOPLIST_KEY_UISupportedInterfaceOrientations = UIInterfaceOrientationPortrait;
				INFOPLIST_KEY_UISupportedInterfaceOrientations_iPad = "UIInterfaceOrientationLandscapeLeft UIInterfaceOrientationLandscapeRight UIInterfaceOrientationPortrait UIInterfaceOrientationPortraitUpsideDown";
				INFOPLIST_KEY_UIUserInterfaceStyle = Light;
				IPHONEOS_DEPLOYMENT_TARGET = 15.0;
				LD_RUNPATH_SEARCH_PATHS = (
					"$(inherited)",
					"@executable_path/Frameworks",
				);
				MARKETING_VERSION = 1.0;
				PRODUCT_BUNDLE_IDENTIFIER = com.app.demotest.CoordinatorPattern;
				PRODUCT_NAME = "$(TARGET_NAME)";
				SUPPORTED_PLATFORMS = "iphoneos iphonesimulator";
				SUPPORTS_MACCATALYST = NO;
				SUPPORTS_MAC_DESIGNED_FOR_IPHONE_IPAD = NO;
				SWIFT_EMIT_LOC_STRINGS = YES;
				SWIFT_VERSION = 5.0;
				TARGETED_DEVICE_FAMILY = 1;
			};
			name = Debug;
		};
		5461D69829B763D5006013BE /* Release */ = {
			isa = XCBuildConfiguration;
			buildSettings = {
				ASSETCATALOG_COMPILER_APPICON_NAME = AppIcon;
				ASSETCATALOG_COMPILER_GLOBAL_ACCENT_COLOR_NAME = AccentColor;
				CODE_SIGN_STYLE = Automatic;
				CURRENT_PROJECT_VERSION = 1;
				DEVELOPMENT_TEAM = 859H7TTM34;
				GENERATE_INFOPLIST_FILE = YES;
				INFOPLIST_FILE = CoordinatorPattern/Info.plist;
				INFOPLIST_KEY_UIApplicationSupportsIndirectInputEvents = YES;
				INFOPLIST_KEY_UILaunchStoryboardName = LaunchScreen;
				INFOPLIST_KEY_UIMainStoryboardFile = Main;
				INFOPLIST_KEY_UISupportedInterfaceOrientations = UIInterfaceOrientationPortrait;
				INFOPLIST_KEY_UISupportedInterfaceOrientations_iPad = "UIInterfaceOrientationLandscapeLeft UIInterfaceOrientationLandscapeRight UIInterfaceOrientationPortrait UIInterfaceOrientationPortraitUpsideDown";
				INFOPLIST_KEY_UIUserInterfaceStyle = Light;
				IPHONEOS_DEPLOYMENT_TARGET = 15.0;
				LD_RUNPATH_SEARCH_PATHS = (
					"$(inherited)",
					"@executable_path/Frameworks",
				);
				MARKETING_VERSION = 1.0;
				PRODUCT_BUNDLE_IDENTIFIER = com.app.demotest.CoordinatorPattern;
				PRODUCT_NAME = "$(TARGET_NAME)";
				SUPPORTED_PLATFORMS = "iphoneos iphonesimulator";
				SUPPORTS_MACCATALYST = NO;
				SUPPORTS_MAC_DESIGNED_FOR_IPHONE_IPAD = NO;
				SWIFT_EMIT_LOC_STRINGS = YES;
				SWIFT_VERSION = 5.0;
				TARGETED_DEVICE_FAMILY = 1;
			};
			name = Release;
		};
/* End XCBuildConfiguration section */

/* Begin XCConfigurationList section */
		5461D67D29B763D2006013BE /* Build configuration list for PBXProject "CoordinatorPattern" */ = {
			isa = XCConfigurationList;
			buildConfigurations = (
				5461D69429B763D5006013BE /* Debug */,
				5461D69529B763D5006013BE /* Release */,
			);
			defaultConfigurationIsVisible = 0;
			defaultConfigurationName = Release;
		};
		5461D69629B763D5006013BE /* Build configuration list for PBXNativeTarget "CoordinatorPattern" */ = {
			isa = XCConfigurationList;
			buildConfigurations = (
				5461D69729B763D5006013BE /* Debug */,
				5461D69829B763D5006013BE /* Release */,
			);
			defaultConfigurationIsVisible = 0;
			defaultConfigurationName = Release;
		};
/* End XCConfigurationList section */
	};
	rootObject = 5461D67A29B763D2006013BE /* Project object */;
}
